webtyp.com/color v0.1.2 h1:PN2vx9jtlwFsu2juQoaj0GEJMY/ex3fQDcop20V8+ik=
webtyp.com/color v0.1.2/go.mod h1:p5n4e0KRiPavkkQajtQKoMAU7C+1yx86AZlzMWTJhC8=
webtyp.com/components v0.8.8 h1:9bCoyIKSXifT+WcPcNdglSLE+W+n7Il9ejqiVHLVfqY=
webtyp.com/components v0.8.8/go.mod h1:3UJAhslwUftdh4R6/LqaZSldx9hySG5/Nisy6rotMFE=
webtyp.com/context v0.0.23 h1:T+lH+UteRAPD6gLH8oxW0TBr5aZlJwgfIpmnA4DdFSY=
webtyp.com/context v0.0.23/go.mod h1:SXtpX0NmsG9zoL9B2uYVPy0ZfmXl0C1zyjQkYmuz38Q=
webtyp.com/css v0.4.28 h1:LbXHbJxRcVOvfsGbg7lLwXEZFtqmGqqMLknN4+usDyc=
webtyp.com/css v0.4.28/go.mod h1:qbi0OpxKohFtrEzMCFmcM8w1LaLGSd+Nlw+LzLSNZhU=
webtyp.com/date v0.0.7 h1:b4+4I2BHTGHmZocoOJtQ+poZt3jPaKvvRpmBP1SZ8dY=
webtyp.com/date v0.0.7/go.mod h1:fAoR0H0V1lNUp7ubtXkKMPw1qMyQcccDONRTanw57GU=
webtyp.com/dom v0.13.20 h1:/UNF5y2sy7tpI6KFc+RMdZQkteklhXppajHuzoSDiN4=
webtyp.com/dom v0.13.20/go.mod h1:p7Vl/6A0VR3GU+NHR4Ggn0oTnRRBPUZ9+RziR5tDB4Q=
webtyp.com/fmt v1.0.0 h1:W0vMMGC6ezg1q2LarAEaVnNvZ26hVqzZdQQH1wcNogM=
webtyp.com/fmt v1.0.0/go.mod h1:FmTxx713R45J21kbH5JOmKGaaCap3fJPA9Yl2n4Ch7U=
webtyp.com/font v0.0.5 h1:EqjnVf8PPdRo4e+dRBBv+HaUqi0IeZjjNwsKexfqyIk=
webtyp.com/font v0.0.5/go.mod h1:N/3YKN5z5qlVGVFM7Rdc4iOG2Yba+EOru/bzKJARaCM=
webtyp.com/form v0.4.23 h1:OGc/ocJJrpQkrG0Yza7PEs0r7aIhDacPafe4RjXP4PU=
webtyp.com/form v0.4.23/go.mod h1:5ofiodyuFnvj9WywUuQktlGWK8Z4kdT2vhJOhSwYwrI=
webtyp.com/html v0.0.24 h1:58YMjhVNLKrFTxaRPJKrdUhdvGQLFZB2gQebPapz06w=
webtyp.com/html v0.0.24/go.mod h1:unUq73nowv5Ok0yFXU6ykpgKn4htxOGEMm5bQsQ0ssE=
webtyp.com/icons v0.0.7 h1:1kKnZglx82UfhX7LiDOKyPZ2M5lRv4/7tc584/JalLE=
webtyp.com/icons v0.0.7/go.mod h1:8RSiyDNs+uVAYLujTsKF9LyRAcARQfORQUlfCVOnc9E=
webtyp.com/image v0.1.11 h1:dm8/6eaQh2msW+F70MOzaIeyypj5iOjQUqcTTvJrx5A=
webtyp.com/image v0.1.11/go.mod h1:QFky7DNwduoytdrKeLTKTtI0BVjGgOi7USYbZFuZ/jo=
webtyp.com/input v0.0.11 h1:tPTdv6nQvvDQLlzlkat4r3fp/P+xdKEZJ23IkI+Vvwk=
webtyp.com/input v0.0.11/go.mod h1:G4oOhJLm3Lvp4JVIhMs0LzGnFM0GC+b7rbmS15djQ2I=
webtyp.com/js v0.1.1 h1:Vl1LsNQe6dPgU1meWahTAAWvM4M7zWzn1t8+BLLjkcw=
webtyp.com/js v0.1.1/go.mod h1:s6MCdLDiERBflwmjQDp66+r1fCR5IeNdba/Q5TVKX/0=
webtyp.com/json v0.5.27 h1:QNljdAHaKJfi9FdToMvWDxAa/taHUJ8yNbkksGT4hUc=
webtyp.com/json v0.5.27/go.mod h1:kIAtefqg9B8tHtYWelE6PAtpBILwuV61+9n+2bU/lxw=
webtyp.com/model v0.2.2 h1:9+yUcKgnbZombAmnXsKXdCWXWNq5ZgdKDFJj0V102g8=
webtyp.com/model v0.2.2/go.mod h1:OkyYeE3GOG8eAQGhd9wVsORAhr+xYj3q8avpoGXG25c=
webtyp.com/router v0.3.2 h1:4Sxvwg7x+4+sHs2PGo8C48CkS5lufIh/W43CzYLrqg0=
webtyp.com/router v0.3.2/go.mod h1:C7IDoFEuwq8kTMeM+qzCPP9dY0Yd2PP8xU4zNiN0FAI=
webtyp.com/svg v0.3.14 h1:o7jOv6LaZQJpjkESHxMcsMccc11dvLQRvrG5xc9vG8g=
webtyp.com/svg v0.3.14/go.mod h1:ro5kMrbLOtwWtorrBnlORRsATY6JWmG9AVZgnzrGTSU=
webtyp.com/time v0.5.7 h1:4AoyN4vnDXxxdePcHu59F+YlhjgHJwv7svWGMtpuq6w=
webtyp.com/time v0.5.7/go.mod h1:V6ew493Rk+an2mV77vVjytPAbtlsELVZ4O4wGqu4tUI=
webtyp.com/view v0.6.10 h1:RqaQkDeArhGG7zttkAs2ZLUTTcttngOZxWjsbk/GDmc=
webtyp.com/view v0.6.10/go.mod h1:3tQT7w8Nb7xHSDTo8bPA0F9+4FcqjYzOCgH/RC3VKYY=
webtyp.com/widget v0.6.36 h1:mBZu77IrGezIONhMszM1IOHJbqNOZ1xwf0tqxVogONs=
webtyp.com/widget v0.6.36/go.mod h1:cjYlxIDHE5vRhjFwZjlWYODWF9MecbrRsdZc++c+jO4=
